
Microsoft Visual Studio Solution File, Format Version 12.00
# Visual Studio 15
VisualStudioVersion = 15.0.28010.2048
MinimumVisualStudioVersion = 10.0.40219.1
Project("{FAE04EC0-301F-11D3-BF4B-00C04F79EFBC}") = "KIK", "KIK\KIK.csproj", "{ED8A68E0-AD86-43C1-9F1A-C39A10E71DCB}"
EndProject
Global
	GlobalSection(SolutionConfigurationPlatforms) = preSolution
		Debug|Any CPU = Debug|Any CPU
		Release|Any CPU = Release|Any CPU
	EndGlobalSection
	GlobalSection(ProjectConfigurationPlatforms) = postSolution
		{ED8A68E0-AD86-43C1-9F1A-C39A10E71DCB}.Debug|Any CPU.ActiveCfg = Debug|Any CPU
		{ED8A68E0-AD86-43C1-9F1A-C39A10E71DCB}.Debug|Any CPU.Build.0 = Debug|Any CPU
		{ED8A68E0-AD86-43C1-9F1A-C39A10E71DCB}.Release|Any CPU.ActiveCfg = Release|Any CPU
		{ED8A68E0-AD86-43C1-9F1A-C39A10E71DCB}.Release|Any CPU.Build.0 = Release|Any CPU
	EndGlobalSection
	GlobalSection(SolutionProperties) = preSolution
		HideSolutionNode = FALSE
	EndGlobalSection
	GlobalSection(ExtensibilityGlobals) = postSolution
		SolutionGuid = {C02F7D3B-63A5-458B-ACC0-746C4C4F8058}
	EndGlobalSection
EndGlobal
